
Microsoft Visual Studio Solution File, Format Version 12.00
# Visual Studio Version 17
VisualStudioVersion = 17.12.35424.110
MinimumVisualStudioVersion = 10.0.40219.1
Project("{FAE04EC0-301F-11D3-BF4B-00C04F79EFBC}") = "Clientes.Api", "Clientes\Clientes.Api.csproj", "{191CA213-C351-408A-8021-F0121B75B97E}"
EndProject
Project("{FAE04EC0-301F-11D3-BF4B-00C04F79EFBC}") = "Clientes.Aplicacao", "Clientes.Application\Clientes.Aplicacao.csproj", "{4C618729-0082-4B5A-A9E9-A371AFE85F7B}"
EndProject
Project("{FAE04EC0-301F-11D3-BF4B-00C04F79EFBC}") = "Clientes.Dominio", "Clientes.Dominio\Clientes.Dominio.csproj", "{17661AE5-FA70-4E61-94DF-ED376F6832E7}"
EndProject
Project("{FAE04EC0-301F-11D3-BF4B-00C04F79EFBC}") = "Clientes.Infraestrutura", "Cliente.Infraestrutura\Clientes.Infraestrutura.csproj", "{49D6E980-785C-4FBA-9B7F-AF61E3CA402D}"
EndProject
Project("{FAE04EC0-301F-11D3-BF4B-00C04F79EFBC}") = "Clientes.Testes", "Clientes.Testes\Clientes.Testes.csproj", "{DB26153E-365E-489A-839B-BDA8CB6A84EC}"
EndProject
Global
	GlobalSection(SolutionConfigurationPlatforms) = preSolution
		Debug|Any CPU = Debug|Any CPU
		Release|Any CPU = Release|Any CPU
	EndGlobalSection
	GlobalSection(ProjectConfigurationPlatforms) = postSolution
		{191CA213-C351-408A-8021-F0121B75B97E}.Debug|Any CPU.ActiveCfg = Debug|Any CPU
		{191CA213-C351-408A-8021-F0121B75B97E}.Debug|Any CPU.Build.0 = Debug|Any CPU
		{191CA213-C351-408A-8021-F0121B75B97E}.Release|Any CPU.ActiveCfg = Release|Any CPU
		{191CA213-C351-408A-8021-F0121B75B97E}.Release|Any CPU.Build.0 = Release|Any CPU
		{4C618729-0082-4B5A-A9E9-A371AFE85F7B}.Debug|Any CPU.ActiveCfg = Debug|Any CPU
		{4C618729-0082-4B5A-A9E9-A371AFE85F7B}.Debug|Any CPU.Build.0 = Debug|Any CPU
		{4C618729-0082-4B5A-A9E9-A371AFE85F7B}.Release|Any CPU.ActiveCfg = Release|Any CPU
		{4C618729-0082-4B5A-A9E9-A371AFE85F7B}.Release|Any CPU.Build.0 = Release|Any CPU
		{17661AE5-FA70-4E61-94DF-ED376F6832E7}.Debug|Any CPU.ActiveCfg = Debug|Any CPU
		{17661AE5-FA70-4E61-94DF-ED376F6832E7}.Debug|Any CPU.Build.0 = Debug|Any CPU
		{17661AE5-FA70-4E61-94DF-ED376F6832E7}.Release|Any CPU.ActiveCfg = Release|Any CPU
		{17661AE5-FA70-4E61-94DF-ED376F6832E7}.Release|Any CPU.Build.0 = Release|Any CPU
		{49D6E980-785C-4FBA-9B7F-AF61E3CA402D}.Debug|Any CPU.ActiveCfg = Debug|Any CPU
		{49D6E980-785C-4FBA-9B7F-AF61E3CA402D}.Debug|Any CPU.Build.0 = Debug|Any CPU
		{49D6E980-785C-4FBA-9B7F-AF61E3CA402D}.Release|Any CPU.ActiveCfg = Release|Any CPU
		{49D6E980-785C-4FBA-9B7F-AF61E3CA402D}.Release|Any CPU.Build.0 = Release|Any CPU
		{DB26153E-365E-489A-839B-BDA8CB6A84EC}.Debug|Any CPU.ActiveCfg = Debug|Any CPU
		{DB26153E-365E-489A-839B-BDA8CB6A84EC}.Debug|Any CPU.Build.0 = Debug|Any CPU
		{DB26153E-365E-489A-839B-BDA8CB6A84EC}.Release|Any CPU.ActiveCfg = Release|Any CPU
		{DB26153E-365E-489A-839B-BDA8CB6A84EC}.Release|Any CPU.Build.0 = Release|Any CPU
	EndGlobalSection
	GlobalSection(SolutionProperties) = preSolution
		HideSolutionNode = FALSE
	EndGlobalSection
EndGlobal
